
Microsoft Visual Studio Solution File, Format Version 12.00
# Visual Studio 15
VisualStudioVersion = 15.0.28307.271
MinimumVisualStudioVersion = 10.0.40219.1
Project("{FAE04EC0-301F-11D3-BF4B-00C04F79EFBC}") = "LineLineIntersect", "LineLineIntersect\LineLineIntersect.csproj", "{480387ED-191C-42BB-A39C-B819D9FC4231}"
EndProject
Global
	GlobalSection(SolutionConfigurationPlatforms) = preSolution
		Debug|Any CPU = Debug|Any CPU
		Release|Any CPU = Release|Any CPU
	EndGlobalSection
	GlobalSection(ProjectConfigurationPlatforms) = postSolution
		{480387ED-191C-42BB-A39C-B819D9FC4231}.Debug|Any CPU.ActiveCfg = Debug|Any CPU
		{480387ED-191C-42BB-A39C-B819D9FC4231}.Debug|Any CPU.Build.0 = Debug|Any CPU
		{480387ED-191C-42BB-A39C-B819D9FC4231}.Release|Any CPU.ActiveCfg = Release|Any CPU
		{480387ED-191C-42BB-A39C-B819D9FC4231}.Release|Any CPU.Build.0 = Release|Any CPU
	EndGlobalSection
	GlobalSection(SolutionProperties) = preSolution
		HideSolutionNode = FALSE
	EndGlobalSection
	GlobalSection(ExtensibilityGlobals) = postSolution
		SolutionGuid = {0AEEE2CD-AD5D-4DC8-972A-DCB2F5010186}
	EndGlobalSection
EndGlobal
